
Microsoft Visual Studio Solution File, Format Version 12.00
# Visual Studio Version 17
VisualStudioVersion = 17.4.33122.133
MinimumVisualStudioVersion = 10.0.40219.1
Project("{FAE04EC0-301F-11D3-BF4B-00C04F79EFBC}") = "NomeSenha", "NomeSenha.csproj", "{314F1B70-B210-4A7F-93D3-40E245212C8F}"
EndProject
Global
	GlobalSection(SolutionConfigurationPlatforms) = preSolution
		Debug|Any CPU = Debug|Any CPU
		Release|Any CPU = Release|Any CPU
	EndGlobalSection
	GlobalSection(ProjectConfigurationPlatforms) = postSolution
		{314F1B70-B210-4A7F-93D3-40E245212C8F}.Debug|Any CPU.ActiveCfg = Debug|Any CPU
		{314F1B70-B210-4A7F-93D3-40E245212C8F}.Debug|Any CPU.Build.0 = Debug|Any CPU
		{314F1B70-B210-4A7F-93D3-40E245212C8F}.Release|Any CPU.ActiveCfg = Release|Any CPU
		{314F1B70-B210-4A7F-93D3-40E245212C8F}.Release|Any CPU.Build.0 = Release|Any CPU
	EndGlobalSection
	GlobalSection(SolutionProperties) = preSolution
		HideSolutionNode = FALSE
	EndGlobalSection
	GlobalSection(ExtensibilityGlobals) = postSolution
		SolutionGuid = {DC846719-C89D-49EB-9979-C096AEE6AED0}
	EndGlobalSection
EndGlobal
